
Microsoft Visual Studio Solution File, Format Version 12.00
# Visual Studio Version 17
VisualStudioVersion = 17.7.34031.279
MinimumVisualStudioVersion = 10.0.40219.1
Project("{2150E333-8FDC-42A3-9474-1A3956D46DE8}") = "src", "src", "{4007A37E-79D4-4D6B-A238-FACA5FBA9DCF}"
EndProject
Project("{2150E333-8FDC-42A3-9474-1A3956D46DE8}") = "tests", "tests", "{833B2636-7F97-4E53-B674-BEA0F6E4545B}"
EndProject
Project("{9A19103F-16F7-4668-BE54-9A1E7A4F7556}") = "ghcpe-demo-api", "src\ghcpe-demo-api\ghcpe-demo-api.csproj", "{E49C1683-3307-47CB-B93F-5F479D670C94}"
EndProject
Project("{9A19103F-16F7-4668-BE54-9A1E7A4F7556}") = "ghcp-demo-api-tests", "tests\ghcpe-demo-api-tests\ghcp-demo-api-tests.csproj", "{4140D704-37E9-415A-BDA5-32CA90D99D1B}"
EndProject
Project("{2150E333-8FDC-42A3-9474-1A3956D46DE8}") = "Solution Items", "Solution Items", "{3167FC24-5104-4959-8720-239C3B069DD7}"
	ProjectSection(SolutionItems) = preProject
		..\README.md = ..\README.md
	EndProjectSection
EndProject
Global
	GlobalSection(SolutionConfigurationPlatforms) = preSolution
		Debug|Any CPU = Debug|Any CPU
		Release|Any CPU = Release|Any CPU
	EndGlobalSection
	GlobalSection(ProjectConfigurationPlatforms) = postSolution
		{E49C1683-3307-47CB-B93F-5F479D670C94}.Debug|Any CPU.ActiveCfg = Debug|Any CPU
		{E49C1683-3307-47CB-B93F-5F479D670C94}.Debug|Any CPU.Build.0 = Debug|Any CPU
		{E49C1683-3307-47CB-B93F-5F479D670C94}.Release|Any CPU.ActiveCfg = Release|Any CPU
		{E49C1683-3307-47CB-B93F-5F479D670C94}.Release|Any CPU.Build.0 = Release|Any CPU
		{4140D704-37E9-415A-BDA5-32CA90D99D1B}.Debug|Any CPU.ActiveCfg = Debug|Any CPU
		{4140D704-37E9-415A-BDA5-32CA90D99D1B}.Debug|Any CPU.Build.0 = Debug|Any CPU
		{4140D704-37E9-415A-BDA5-32CA90D99D1B}.Release|Any CPU.ActiveCfg = Release|Any CPU
		{4140D704-37E9-415A-BDA5-32CA90D99D1B}.Release|Any CPU.Build.0 = Release|Any CPU
	EndGlobalSection
	GlobalSection(SolutionProperties) = preSolution
		HideSolutionNode = FALSE
	EndGlobalSection
	GlobalSection(NestedProjects) = preSolution
		{E49C1683-3307-47CB-B93F-5F479D670C94} = {4007A37E-79D4-4D6B-A238-FACA5FBA9DCF}
		{4140D704-37E9-415A-BDA5-32CA90D99D1B} = {833B2636-7F97-4E53-B674-BEA0F6E4545B}
	EndGlobalSection
	GlobalSection(ExtensibilityGlobals) = postSolution
		SolutionGuid = {C63552A4-659C-4844-843C-D937FDF4DCCE}
	EndGlobalSection
EndGlobal
